
Microsoft Visual Studio Solution File, Format Version 12.00
# Visual Studio Version 16
VisualStudioVersion = 16.0.33423.256
MinimumVisualStudioVersion = 10.0.40219.1
Project("{FAE04EC0-301F-11D3-BF4B-00C04F79EFBC}") = "UserInterface", "UserInterface\UserInterface.csproj", "{CE39A0A9-DBFE-4F18-913E-B27AB61755A3}"
	ProjectSection(ProjectDependencies) = postProject
		{61C1E637-6043-4481-B9BF-BC530D6ECE38} = {61C1E637-6043-4481-B9BF-BC530D6ECE38}
	EndProjectSection
EndProject
Project("{FAE04EC0-301F-11D3-BF4B-00C04F79EFBC}") = "GameLogic", "GameLogic\GameLogic.csproj", "{61C1E637-6043-4481-B9BF-BC530D6ECE38}"
EndProject
Global
	GlobalSection(SolutionConfigurationPlatforms) = preSolution
		Debug|Any CPU = Debug|Any CPU
		Release|Any CPU = Release|Any CPU
	EndGlobalSection
	GlobalSection(ProjectConfigurationPlatforms) = postSolution
		{CE39A0A9-DBFE-4F18-913E-B27AB61755A3}.Debug|Any CPU.ActiveCfg = Debug|Any CPU
		{CE39A0A9-DBFE-4F18-913E-B27AB61755A3}.Debug|Any CPU.Build.0 = Debug|Any CPU
		{CE39A0A9-DBFE-4F18-913E-B27AB61755A3}.Release|Any CPU.ActiveCfg = Release|Any CPU
		{CE39A0A9-DBFE-4F18-913E-B27AB61755A3}.Release|Any CPU.Build.0 = Release|Any CPU
		{61C1E637-6043-4481-B9BF-BC530D6ECE38}.Debug|Any CPU.ActiveCfg = Debug|Any CPU
		{61C1E637-6043-4481-B9BF-BC530D6ECE38}.Debug|Any CPU.Build.0 = Debug|Any CPU
		{61C1E637-6043-4481-B9BF-BC530D6ECE38}.Release|Any CPU.ActiveCfg = Release|Any CPU
		{61C1E637-6043-4481-B9BF-BC530D6ECE38}.Release|Any CPU.Build.0 = Release|Any CPU
	EndGlobalSection
	GlobalSection(SolutionProperties) = preSolution
		HideSolutionNode = FALSE
	EndGlobalSection
	GlobalSection(ExtensibilityGlobals) = postSolution
		SolutionGuid = {5DDDCC0D-1B45-4E46-A811-B40F22851081}
	EndGlobalSection
EndGlobal
